# This file is automatically @generated by Cargo.
# It is not intended for manual editing.
version = 4

[[package]]
name = "coop-app"
version = "0.1.0"
dependencies = [
 "coop-domain",
]

[[package]]
name = "coop-domain"
version = "0.1.0"

[[package]]
name = "faf-coop-deployer"
version = "0.1.0"
dependencies = [
 "coop-app",
]
